
Microsoft Visual Studio Solution File, Format Version 12.00
# Visual Studio Version 17
VisualStudioVersion = 17.14.36811.4
MinimumVisualStudioVersion = 10.0.40219.1
Project("{FAE04EC0-301F-11D3-BF4B-00C04F79EFBC}") = "DevArena.Web", "DevArena.Web\DevArena.Web.csproj", "{B0FC4744-02BA-4F00-834D-45D47EF07A19}"
EndProject
Project("{FAE04EC0-301F-11D3-BF4B-00C04F79EFBC}") = "DevArena.Data", "DevArena.Data\DevArena.Data.csproj", "{0D3EF0DD-01C6-40F0-AB47-651BE2DD7910}"
EndProject
Project("{FAE04EC0-301F-11D3-BF4B-00C04F79EFBC}") = "DevArena.Entities", "DevArena.Entities\DevArena.Entities.csproj", "{9CBC327A-B5B6-40FC-96DF-7F9B759332DF}"
EndProject
Project("{FAE04EC0-301F-11D3-BF4B-00C04F79EFBC}") = "DevArena.Repos", "DevArena.Repos\DevArena.Repos.csproj", "{A4EE44A9-7B0F-49CA-BFD8-D577D1B89B0C}"
EndProject
Project("{FAE04EC0-301F-11D3-BF4B-00C04F79EFBC}") = "DevArena.Shared", "DevArena.Shared\DevArena.Shared.csproj", "{C4087270-0C61-423D-B316-7B39066F8637}"
EndProject
Project("{FAE04EC0-301F-11D3-BF4B-00C04F79EFBC}") = "DevArena.Models", "DevArena.Models\DevArena.Models.csproj", "{D84371CE-5127-4022-9A7C-52F218C97B29}"
EndProject
Project("{FAE04EC0-301F-11D3-BF4B-00C04F79EFBC}") = "DevArenaMostofa.Api", "DevArenaMostofa.Api\DevArenaMostofa.Api.csproj", "{6AA45AD9-9E58-4424-8980-B33F413EF701}"
EndProject
Project("{FAE04EC0-301F-11D3-BF4B-00C04F79EFBC}") = "DevArenaAdmin.Api", "DevArenaAdmin.Api\DevArenaAdmin.Api.csproj", "{F7644495-5555-4DF8-9170-3A5453B25F0D}"
EndProject
Global
	GlobalSection(SolutionConfigurationPlatforms) = preSolution
		Debug|Any CPU = Debug|Any CPU
		Release|Any CPU = Release|Any CPU
	EndGlobalSection
	GlobalSection(ProjectConfigurationPlatforms) = postSolution
		{B0FC4744-02BA-4F00-834D-45D47EF07A19}.Debug|Any CPU.ActiveCfg = Debug|Any CPU
		{B0FC4744-02BA-4F00-834D-45D47EF07A19}.Debug|Any CPU.Build.0 = Debug|Any CPU
		{B0FC4744-02BA-4F00-834D-45D47EF07A19}.Release|Any CPU.ActiveCfg = Release|Any CPU
		{B0FC4744-02BA-4F00-834D-45D47EF07A19}.Release|Any CPU.Build.0 = Release|Any CPU
		{0D3EF0DD-01C6-40F0-AB47-651BE2DD7910}.Debug|Any CPU.ActiveCfg = Debug|Any CPU
		{0D3EF0DD-01C6-40F0-AB47-651BE2DD7910}.Debug|Any CPU.Build.0 = Debug|Any CPU
		{0D3EF0DD-01C6-40F0-AB47-651BE2DD7910}.Release|Any CPU.ActiveCfg = Release|Any CPU
		{0D3EF0DD-01C6-40F0-AB47-651BE2DD7910}.Release|Any CPU.Build.0 = Release|Any CPU
		{9CBC327A-B5B6-40FC-96DF-7F9B759332DF}.Debug|Any CPU.ActiveCfg = Debug|Any CPU
		{9CBC327A-B5B6-40FC-96DF-7F9B759332DF}.Debug|Any CPU.Build.0 = Debug|Any CPU
		{9CBC327A-B5B6-40FC-96DF-7F9B759332DF}.Release|Any CPU.ActiveCfg = Release|Any CPU
		{9CBC327A-B5B6-40FC-96DF-7F9B759332DF}.Release|Any CPU.Build.0 = Release|Any CPU
		{A4EE44A9-7B0F-49CA-BFD8-D577D1B89B0C}.Debug|Any CPU.ActiveCfg = Debug|Any CPU
		{A4EE44A9-7B0F-49CA-BFD8-D577D1B89B0C}.Debug|Any CPU.Build.0 = Debug|Any CPU
		{A4EE44A9-7B0F-49CA-BFD8-D577D1B89B0C}.Release|Any CPU.ActiveCfg = Release|Any CPU
		{A4EE44A9-7B0F-49CA-BFD8-D577D1B89B0C}.Release|Any CPU.Build.0 = Release|Any CPU
		{C4087270-0C61-423D-B316-7B39066F8637}.Debug|Any CPU.ActiveCfg = Debug|Any CPU
		{C4087270-0C61-423D-B316-7B39066F8637}.Debug|Any CPU.Build.0 = Debug|Any CPU
		{C4087270-0C61-423D-B316-7B39066F8637}.Release|Any CPU.ActiveCfg = Release|Any CPU
		{C4087270-0C61-423D-B316-7B39066F8637}.Release|Any CPU.Build.0 = Release|Any CPU
		{D84371CE-5127-4022-9A7C-52F218C97B29}.Debug|Any CPU.ActiveCfg = Debug|Any CPU
		{D84371CE-5127-4022-9A7C-52F218C97B29}.Debug|Any CPU.Build.0 = Debug|Any CPU
		{D84371CE-5127-4022-9A7C-52F218C97B29}.Release|Any CPU.ActiveCfg = Release|Any CPU
		{D84371CE-5127-4022-9A7C-52F218C97B29}.Release|Any CPU.Build.0 = Release|Any CPU
		{6AA45AD9-9E58-4424-8980-B33F413EF701}.Debug|Any CPU.ActiveCfg = Debug|Any CPU
		{6AA45AD9-9E58-4424-8980-B33F413EF701}.Debug|Any CPU.Build.0 = Debug|Any CPU
		{6AA45AD9-9E58-4424-8980-B33F413EF701}.Release|Any CPU.ActiveCfg = Release|Any CPU
		{6AA45AD9-9E58-4424-8980-B33F413EF701}.Release|Any CPU.Build.0 = Release|Any CPU
		{F7644495-5555-4DF8-9170-3A5453B25F0D}.Debug|Any CPU.ActiveCfg = Debug|Any CPU
		{F7644495-5555-4DF8-9170-3A5453B25F0D}.Debug|Any CPU.Build.0 = Debug|Any CPU
		{F7644495-5555-4DF8-9170-3A5453B25F0D}.Release|Any CPU.ActiveCfg = Release|Any CPU
		{F7644495-5555-4DF8-9170-3A5453B25F0D}.Release|Any CPU.Build.0 = Release|Any CPU
	EndGlobalSection
	GlobalSection(SolutionProperties) = preSolution
		HideSolutionNode = FALSE
	EndGlobalSection
	GlobalSection(ExtensibilityGlobals) = postSolution
		SolutionGuid = {567EB2F2-70E8-4D3D-B70A-A96397CD5A6E}
	EndGlobalSection
EndGlobal
